
Microsoft Visual Studio Solution File, Format Version 12.00
# Visual Studio Version 16
VisualStudioVersion = 16.0.31424.327
MinimumVisualStudioVersion = 10.0.40219.1
Project("{FAE04EC0-301F-11D3-BF4B-00C04F79EFBC}") = "HWapp01", "HWapp01\HWapp01.csproj", "{5425DD0B-981E-403E-9CEE-20BD2FBB2EBE}"
EndProject
Global
	GlobalSection(SolutionConfigurationPlatforms) = preSolution
		Debug|Any CPU = Debug|Any CPU
		Release|Any CPU = Release|Any CPU
	EndGlobalSection
	GlobalSection(ProjectConfigurationPlatforms) = postSolution
		{5425DD0B-981E-403E-9CEE-20BD2FBB2EBE}.Debug|Any CPU.ActiveCfg = Debug|Any CPU
		{5425DD0B-981E-403E-9CEE-20BD2FBB2EBE}.Debug|Any CPU.Build.0 = Debug|Any CPU
		{5425DD0B-981E-403E-9CEE-20BD2FBB2EBE}.Release|Any CPU.ActiveCfg = Release|Any CPU
		{5425DD0B-981E-403E-9CEE-20BD2FBB2EBE}.Release|Any CPU.Build.0 = Release|Any CPU
	EndGlobalSection
	GlobalSection(SolutionProperties) = preSolution
		HideSolutionNode = FALSE
	EndGlobalSection
	GlobalSection(ExtensibilityGlobals) = postSolution
		SolutionGuid = {24C3FBE2-F83D-4A30-A058-C0DE638E9381}
	EndGlobalSection
EndGlobal
